
Microsoft Visual Studio Solution File, Format Version 12.00
# Visual Studio 15
Project("{FAE04EC0-301F-11D3-BF4B-00C04F79EFBC}") = "Assembly-CSharp", "Assembly-CSharp.csproj", "{0182362E-C690-C467-5429-0970378A2975}"
EndProject
Project("{FAE04EC0-301F-11D3-BF4B-00C04F79EFBC}") = "TTWebGL", "TTWebGL.csproj", "{36B1705E-4BD8-C3AE-568A-C36B2853A904}"
EndProject
Project("{FAE04EC0-301F-11D3-BF4B-00C04F79EFBC}") = "TTLitJson", "TTLitJson.csproj", "{F73995F3-5F1A-CC9B-9D58-F727074A8D90}"
EndProject
Project("{FAE04EC0-301F-11D3-BF4B-00C04F79EFBC}") = "com.bytedance.ttsdk-editor", "com.bytedance.ttsdk-editor.csproj", "{7650A497-FF8D-7727-4DBF-097641AEACA9}"
EndProject
Global
	GlobalSection(SolutionConfigurationPlatforms) = preSolution
		Debug|Any CPU = Debug|Any CPU
		Release|Any CPU = Release|Any CPU
	EndGlobalSection
	GlobalSection(ProjectConfigurationPlatforms) = postSolution
		{0182362E-C690-C467-5429-0970378A2975}.Debug|Any CPU.ActiveCfg = Debug|Any CPU
		{0182362E-C690-C467-5429-0970378A2975}.Debug|Any CPU.Build.0 = Debug|Any CPU
		{0182362E-C690-C467-5429-0970378A2975}.Release|Any CPU.ActiveCfg = Release|Any CPU
		{0182362E-C690-C467-5429-0970378A2975}.Release|Any CPU.Build.0 = Release|Any CPU
		{36B1705E-4BD8-C3AE-568A-C36B2853A904}.Debug|Any CPU.ActiveCfg = Debug|Any CPU
		{36B1705E-4BD8-C3AE-568A-C36B2853A904}.Debug|Any CPU.Build.0 = Debug|Any CPU
		{36B1705E-4BD8-C3AE-568A-C36B2853A904}.Release|Any CPU.ActiveCfg = Release|Any CPU
		{36B1705E-4BD8-C3AE-568A-C36B2853A904}.Release|Any CPU.Build.0 = Release|Any CPU
		{F73995F3-5F1A-CC9B-9D58-F727074A8D90}.Debug|Any CPU.ActiveCfg = Debug|Any CPU
		{F73995F3-5F1A-CC9B-9D58-F727074A8D90}.Debug|Any CPU.Build.0 = Debug|Any CPU
		{F73995F3-5F1A-CC9B-9D58-F727074A8D90}.Release|Any CPU.ActiveCfg = Release|Any CPU
		{F73995F3-5F1A-CC9B-9D58-F727074A8D90}.Release|Any CPU.Build.0 = Release|Any CPU
		{7650A497-FF8D-7727-4DBF-097641AEACA9}.Debug|Any CPU.ActiveCfg = Debug|Any CPU
		{7650A497-FF8D-7727-4DBF-097641AEACA9}.Debug|Any CPU.Build.0 = Debug|Any CPU
		{7650A497-FF8D-7727-4DBF-097641AEACA9}.Release|Any CPU.ActiveCfg = Release|Any CPU
		{7650A497-FF8D-7727-4DBF-097641AEACA9}.Release|Any CPU.Build.0 = Release|Any CPU
	EndGlobalSection
	GlobalSection(SolutionProperties) = preSolution
		HideSolutionNode = FALSE
	EndGlobalSection
EndGlobal
